
Microsoft Visual Studio Solution File, Format Version 12.00
# Visual Studio 15
VisualStudioVersion = 15.0.27703.2000
MinimumVisualStudioVersion = 10.0.40219.1
Project("{FAE04EC0-301F-11D3-BF4B-00C04F79EFBC}") = "P4U.Peri.BoxBoardKerong", "Peri.BoxBoardKerong\P4U.Peri.BoxBoardKerong.csproj", "{3382A936-AF67-4564-855C-A06F56EB6DC5}"
EndProject
Project("{FAE04EC0-301F-11D3-BF4B-00C04F79EFBC}") = "Peri.BoxBoardKerong.AppTest", "Peri.BoxBoardKerong.Test\Peri.BoxBoardKerong.AppTest.csproj", "{457E7598-5A84-438C-A481-E4D03F0C93CA}"
	ProjectSection(ProjectDependencies) = postProject
		{3382A936-AF67-4564-855C-A06F56EB6DC5} = {3382A936-AF67-4564-855C-A06F56EB6DC5}
	EndProjectSection
EndProject
Project("{FAE04EC0-301F-11D3-BF4B-00C04F79EFBC}") = "Peri.BoxArrayBoardKerong.AppTest", "Peri.BoxArrayBoardKerong.Test\Peri.BoxArrayBoardKerong.AppTest.csproj", "{8A672EB0-3D63-4E2B-A537-0E0CBD83D756}"
EndProject
Global
	GlobalSection(SolutionConfigurationPlatforms) = preSolution
		Debug|Any CPU = Debug|Any CPU
		Release|Any CPU = Release|Any CPU
	EndGlobalSection
	GlobalSection(ProjectConfigurationPlatforms) = postSolution
		{3382A936-AF67-4564-855C-A06F56EB6DC5}.Debug|Any CPU.ActiveCfg = Debug|Any CPU
		{3382A936-AF67-4564-855C-A06F56EB6DC5}.Debug|Any CPU.Build.0 = Debug|Any CPU
		{3382A936-AF67-4564-855C-A06F56EB6DC5}.Release|Any CPU.ActiveCfg = Release|Any CPU
		{3382A936-AF67-4564-855C-A06F56EB6DC5}.Release|Any CPU.Build.0 = Release|Any CPU
		{457E7598-5A84-438C-A481-E4D03F0C93CA}.Debug|Any CPU.ActiveCfg = Debug|Any CPU
		{457E7598-5A84-438C-A481-E4D03F0C93CA}.Debug|Any CPU.Build.0 = Debug|Any CPU
		{457E7598-5A84-438C-A481-E4D03F0C93CA}.Release|Any CPU.ActiveCfg = Release|Any CPU
		{457E7598-5A84-438C-A481-E4D03F0C93CA}.Release|Any CPU.Build.0 = Release|Any CPU
		{8A672EB0-3D63-4E2B-A537-0E0CBD83D756}.Debug|Any CPU.ActiveCfg = Debug|Any CPU
		{8A672EB0-3D63-4E2B-A537-0E0CBD83D756}.Debug|Any CPU.Build.0 = Debug|Any CPU
		{8A672EB0-3D63-4E2B-A537-0E0CBD83D756}.Release|Any CPU.ActiveCfg = Release|Any CPU
		{8A672EB0-3D63-4E2B-A537-0E0CBD83D756}.Release|Any CPU.Build.0 = Release|Any CPU
	EndGlobalSection
	GlobalSection(SolutionProperties) = preSolution
		HideSolutionNode = FALSE
	EndGlobalSection
	GlobalSection(ExtensibilityGlobals) = postSolution
		SolutionGuid = {0FEE9A15-2DE6-4D8B-988A-FAFBACEDEF00}
	EndGlobalSection
EndGlobal
