
Microsoft Visual Studio Solution File, Format Version 12.00
# Visual Studio 15
VisualStudioVersion = 15.0.28307.271
MinimumVisualStudioVersion = 10.0.40219.1
Project("{FAE04EC0-301F-11D3-BF4B-00C04F79EFBC}") = "P4U.CommonExt", "P4U.CommonExt\P4U.CommonExt.csproj", "{538A0EE8-AF7E-4B14-AAEB-2056BADCE3C9}"
EndProject
Project("{FAE04EC0-301F-11D3-BF4B-00C04F79EFBC}") = "P4U.CommonExtTest", "P4U.CommonExtTest\P4U.CommonExtTest.csproj", "{2F539875-C3F3-4016-A101-A79A7E3C3574}"
EndProject
Global
	GlobalSection(SolutionConfigurationPlatforms) = preSolution
		Debug|Any CPU = Debug|Any CPU
		Release|Any CPU = Release|Any CPU
	EndGlobalSection
	GlobalSection(ProjectConfigurationPlatforms) = postSolution
		{538A0EE8-AF7E-4B14-AAEB-2056BADCE3C9}.Debug|Any CPU.ActiveCfg = Debug|Any CPU
		{538A0EE8-AF7E-4B14-AAEB-2056BADCE3C9}.Debug|Any CPU.Build.0 = Debug|Any CPU
		{538A0EE8-AF7E-4B14-AAEB-2056BADCE3C9}.Release|Any CPU.ActiveCfg = Release|Any CPU
		{538A0EE8-AF7E-4B14-AAEB-2056BADCE3C9}.Release|Any CPU.Build.0 = Release|Any CPU
		{2F539875-C3F3-4016-A101-A79A7E3C3574}.Debug|Any CPU.ActiveCfg = Debug|Any CPU
		{2F539875-C3F3-4016-A101-A79A7E3C3574}.Debug|Any CPU.Build.0 = Debug|Any CPU
		{2F539875-C3F3-4016-A101-A79A7E3C3574}.Release|Any CPU.ActiveCfg = Release|Any CPU
		{2F539875-C3F3-4016-A101-A79A7E3C3574}.Release|Any CPU.Build.0 = Release|Any CPU
	EndGlobalSection
	GlobalSection(SolutionProperties) = preSolution
		HideSolutionNode = FALSE
	EndGlobalSection
	GlobalSection(ExtensibilityGlobals) = postSolution
		SolutionGuid = {20CB0119-321A-423E-AEB7-1DF926565B71}
	EndGlobalSection
EndGlobal
